{
  "name": "visual",
  "requires": true,
  "lockfileVersion": 1,
  "dependencies": {
    "@types/d3": {
      "version": "3.5.40",
      "resolved": "https://registry.npmjs.org/@types/d3/-/d3-3.5.40.tgz",
      "integrity": "sha512-GrJeI6Yg6uCIYRtWlMGxDtgsKSs2aMW0edrO/GJk+O7y4iayn8lEoHAn50wkjb9voRq9JimhCN/FIXLzAxkCoA=="
    },
    "d3": {
      "version": "3.5.5",
      "resolved": "https://registry.npmjs.org/d3/-/d3-3.5.5.tgz",
      "integrity": "sha1-vhq6aoT7ZlMoOz6+u39XDjvaGH4="
    },
    "powerbi-visuals-utils-dataviewutils": {
      "version": "1.2.0",
      "resolved": "https://registry.npmjs.org/powerbi-visuals-utils-dataviewutils/-/powerbi-visuals-utils-dataviewutils-1.2.0.tgz",
      "integrity": "sha1-WaHJgzVclYoj2ZAYlPZfFXUZMhM="
    }
  }
}
